
Microsoft Visual Studio Solution File, Format Version 12.00
# Visual Studio Version 16
VisualStudioVersion = 16.0.30523.141
MinimumVisualStudioVersion = 10.0.40219.1
Project("{FAE04EC0-301F-11D3-BF4B-00C04F79EFBC}") = "LB2", "LB2\LB2.csproj", "{3256969D-112B-4307-A3B1-595C069ADA5C}"
EndProject
Global
	GlobalSection(SolutionConfigurationPlatforms) = preSolution
		Debug|Any CPU = Debug|Any CPU
		Release|Any CPU = Release|Any CPU
	EndGlobalSection
	GlobalSection(ProjectConfigurationPlatforms) = postSolution
		{3256969D-112B-4307-A3B1-595C069ADA5C}.Debug|Any CPU.ActiveCfg = Debug|Any CPU
		{3256969D-112B-4307-A3B1-595C069ADA5C}.Debug|Any CPU.Build.0 = Debug|Any CPU
		{3256969D-112B-4307-A3B1-595C069ADA5C}.Release|Any CPU.ActiveCfg = Release|Any CPU
		{3256969D-112B-4307-A3B1-595C069ADA5C}.Release|Any CPU.Build.0 = Release|Any CPU
	EndGlobalSection
	GlobalSection(SolutionProperties) = preSolution
		HideSolutionNode = FALSE
	EndGlobalSection
	GlobalSection(ExtensibilityGlobals) = postSolution
		SolutionGuid = {6D9AE427-D78C-45BE-8562-47C801B63F66}
	EndGlobalSection
EndGlobal
